{
  "name": "home",
  "lockfileVersion": 3,
  "requires": true,
  "packages": {
    "": {
      "dependencies": {
        "@gradio/client": "^2.2.0",
        "@huggingface/inference": "^4.13.15",
        "node-fetch": "^3.3.2"
      }
    },
    "node_modules/@gradio/client": {
      "version": "2.2.0",
      "resolved": "https://registry.npmjs.org/@gradio/client/-/client-2.2.0.tgz",
      "integrity": "sha512-D5XLMy6UD1hEDy5EBEQYE2qip6WCLBbbjbzyhvgQAKFWIuLByutMbk4xbAD1c91iX2EDKETnwSSUJsQaxZv64w==",
      "license": "ISC",
      "dependencies": {
        "fetch-event-stream": "^0.1.5"
      },
      "engines": {
        "node": ">=18.0.0"
      }
    },
    "node_modules/@huggingface/inference": {
      "version": "4.13.15",
      "resolved": "https://registry.npmjs.org/@huggingface/inference/-/inference-4.13.15.tgz",
      "integrity": "sha512-V7B13KFDVhYkQqgx8vpMcmtEG+PoePlh65IUvpphTTItHAq6zRLcsS4torh1QavUaT+6nEwho4wFXzBQNGBwKQ==",
      "license": "MIT",
      "dependencies": {
        "@huggingface/jinja": "^0.5.5",
        "@huggingface/tasks": "^0.19.90"
      },
      "engines": {
        "node": ">=18"
      }
    },
    "node_modules/@huggingface/jinja": {
      "version": "0.5.8",
      "resolved": "https://registry.npmjs.org/@huggingface/jinja/-/jinja-0.5.8.tgz",
      "integrity": "sha512-ZdElB7DPS7QQS8ZnFc5RPPtkg+eN11z8AmIZWAyes6pSbwXqiFB/POVevvm01begdSX1ho9Gxln/F6qlQMsuaA==",
      "license": "MIT",
      "engines": {
        "node": ">=18"
      }
    },
    "node_modules/@huggingface/tasks": {
      "version": "0.19.90",
      "resolved": "https://registry.npmjs.org/@huggingface/tasks/-/tasks-0.19.90.tgz",
      "integrity": "sha512-nfV9luJbvwGQ/5oKXkKhCV9h4X7mwh1YaGG3ORd6UMLDSwr1OFSSatcBX0O9OtBtmNK19aGSjbLFqqgcIR6+IA==",
      "license": "MIT"
    },
    "node_modules/data-uri-to-buffer": {
      "version": "4.0.1",
      "resolved": "https://registry.npmjs.org/data-uri-to-buffer/-/data-uri-to-buffer-4.0.1.tgz",
      "integrity": "sha512-0R9ikRb668HB7QDxT1vkpuUBtqc53YyAwMwGeUFKRojY/NWKvdZ+9UYtRfGmhqNbRkTSVpMbmyhXipFFv2cb/A==",
      "license": "MIT",
      "engines": {
        "node": ">= 12"
      }
    },
    "node_modules/fetch-blob": {
      "version": "3.2.0",
      "resolved": "https://registry.npmjs.org/fetch-blob/-/fetch-blob-3.2.0.tgz",
      "integrity": "sha512-7yAQpD2UMJzLi1Dqv7qFYnPbaPx7ZfFK6PiIxQ4PfkGPyNyl2Ugx+a/umUonmKqjhM4DnfbMvdX6otXq83soQQ==",
      "funding": [
        {
          "type": "github",
          "url": "https://github.com/sponsors/jimmywarting"
        },
        {
          "type": "paypal",
          "url": "https://paypal.me/jimmywarting"
        }
      ],
      "license": "MIT",
      "dependencies": {
        "node-domexception": "^1.0.0",
        "web-streams-polyfill": "^3.0.3"
      },
      "engines": {
        "node": "^12.20 || >= 14.13"
      }
    },
    "node_modules/fetch-event-stream": {
      "version": "0.1.6",
      "resolved": "https://registry.npmjs.org/fetch-event-stream/-/fetch-event-stream-0.1.6.tgz",
      "integrity": "sha512-GREtJ5HNikdU2AXtZ6E/5bk+aslMU6ie5mPG6H9nvsdDkkHQ6m5lHwmmmDTOBexok9hApQ7EprsXCdmz9ZC68w==",
      "license": "MIT"
    },
    "node_modules/formdata-polyfill": {
      "version": "4.0.10",
      "resolved": "https://registry.npmjs.org/formdata-polyfill/-/formdata-polyfill-4.0.10.tgz",
      "integrity": "sha512-buewHzMvYL29jdeQTVILecSaZKnt/RJWjoZCF5OW60Z67/GmSLBkOFM7qh1PI3zFNtJbaZL5eQu1vLfazOwj4g==",
      "license": "MIT",
      "dependencies": {
        "fetch-blob": "^3.1.2"
      },
      "engines": {
        "node": ">=12.20.0"
      }
    },
    "node_modules/node-domexception": {
      "version": "1.0.0",
      "resolved": "https://registry.npmjs.org/node-domexception/-/node-domexception-1.0.0.tgz",
      "integrity": "sha512-/jKZoMpw0F8GRwl4/eLROPA3cfcXtLApP0QzLmUT/HuPCZWyB7IY9ZrMeKw2O/nFIqPQB3PVM9aYm0F312AXDQ==",
      "deprecated": "Use your platform's native DOMException instead",
      "funding": [
        {
          "type": "github",
          "url": "https://github.com/sponsors/jimmywarting"
        },
        {
          "type": "github",
          "url": "https://paypal.me/jimmywarting"
        }
      ],
      "license": "MIT",
      "engines": {
        "node": ">=10.5.0"
      }
    },
    "node_modules/node-fetch": {
      "version": "3.3.2",
      "resolved": "https://registry.npmjs.org/node-fetch/-/node-fetch-3.3.2.tgz",
      "integrity": "sha512-dRB78srN/l6gqWulah9SrxeYnxeddIG30+GOqK/9OlLVyLg3HPnr6SqOWTWOXKRwC2eGYCkZ59NNuSgvSrpgOA==",
      "license": "MIT",
      "dependencies": {
        "data-uri-to-buffer": "^4.0.0",
        "fetch-blob": "^3.1.4",
        "formdata-polyfill": "^4.0.10"
      },
      "engines": {
        "node": "^12.20.0 || ^14.13.1 || >=16.0.0"
      },
      "funding": {
        "type": "opencollective",
        "url": "https://opencollective.com/node-fetch"
      }
    },
    "node_modules/web-streams-polyfill": {
      "version": "3.3.3",
      "resolved": "https://registry.npmjs.org/web-streams-polyfill/-/web-streams-polyfill-3.3.3.tgz",
      "integrity": "sha512-d2JWLCivmZYTSIoge9MsgFCZrt571BikcWGYkjC1khllbTeDlGqZ2D8vD8E/lJa8WGWbb7Plm8/XJYV7IJHZZw==",
      "license": "MIT",
      "engines": {
        "node": ">= 8"
      }
    }
  }
}
